<?xml version="1.0" encoding="utf-8"?>
<Project ToolsVersion="4.0" xmlns="http://schemas.microsoft.com/developer/msbuild/2003">
  <ItemGroup>
    <Filter Include="Source Files">
      <UniqueIdentifier>{4FC737F1-C7A5-4376-A066-2A32D752A2FF}</UniqueIdentifier>
      <Extensions>cpp;c;cc;cxx;c++;cppm;ixx;def;odl;idl;hpj;bat;asm;asmx</Extensions>
    </Filter>
    <Filter Include="Header Files">
      <UniqueIdentifier>{93995380-89BD-4b04-88EB-625FBE52EBFB}</UniqueIdentifier>
      <Extensions>h;hh;hpp;hxx;h++;hm;inl;inc;ipp;xsd</Extensions>
    </Filter>
    <Filter Include="Resource Files">
      <UniqueIdentifier>{67DA6AB6-F800-4c08-8B7A-83BB121AAD01}</UniqueIdentifier>
      <Extensions>rc;ico;cur;bmp;dlg;rc2;rct;bin;rgs;gif;jpg;jpeg;jpe;resx;tiff;tif;png;wav;mfcribbon-ms</Extensions>
    </Filter>
  </ItemGroup>
  <ItemGroup>
    <ClCompile Include="Startup.cpp">
      <Filter>Source Files</Filter>
    </ClCompile>
    <ClCompile Include="src\services\UserManager.cpp">
      <Filter>Source Files</Filter>
    </ClCompile>
    <ClCompile Include="src\helper\String.cpp">
      <Filter>Source Files</Filter>
    </ClCompile>
    <ClCompile Include="src\helper\IdFactory.cpp">
      <Filter>Source Files</Filter>
    </ClCompile>
    <ClCompile Include="src\helper\Random.cpp">
      <Filter>Source Files</Filter>
    </ClCompile>
    <ClCompile Include="src\services\Parser.cpp">
      <Filter>Source Files</Filter>
    </ClCompile>
    <ClCompile Include="src\models\identity\User.cpp">
      <Filter>Source Files</Filter>
    </ClCompile>
    <ClCompile Include="src\models\identity\Client.cpp">
      <Filter>Source Files</Filter>
    </ClCompile>
    <ClCompile Include="include\models\identity\Driver.h">
      <Filter>Source Files</Filter>
    </ClCompile>
    <ClCompile Include="src\models\identity\Driver.cpp">
      <Filter>Source Files</Filter>
    </ClCompile>
    <ClCompile Include="src\helper\Sha256.cpp">
      <Filter>Source Files</Filter>
    </ClCompile>
    <ClCompile Include="src\services\Validator.cpp">
      <Filter>Source Files</Filter>
    </ClCompile>
    <ClCompile Include="src\models\Order.cpp">
      <Filter>Source Files</Filter>
    </ClCompile>
    <ClCompile Include="src\models\Address.cpp">
      <Filter>Source Files</Filter>
    </ClCompile>
    <ClCompile Include="src\services\OrderManager.cpp">
      <Filter>Source Files</Filter>
    </ClCompile>
    <ClCompile Include="src\helper\Point.cpp">
      <Filter>Source Files</Filter>
    </ClCompile>
    <ClCompile Include="src\app\UberApp.cpp">
      <Filter>Source Files</Filter>
    </ClCompile>
    <ClCompile Include="src\commands\LoginCommand.cpp">
      <Filter>Source Files</Filter>
    </ClCompile>
    <ClCompile Include="src\services\CommandFactory.cpp">
      <Filter>Source Files</Filter>
    </ClCompile>
    <ClCompile Include="src\commands\RegisterCommand.cpp">
      <Filter>Source Files</Filter>
    </ClCompile>
    <ClCompile Include="src\commands\LogoutCommand.cpp">
      <Filter>Source Files</Filter>
    </ClCompile>
    <ClCompile Include="src\commands\OrderCommand.cpp">
      <Filter>Source Files</Filter>
    </ClCompile>
    <ClCompile Include="src\commands\CheckOrderCommand.cpp">
      <Filter>Source Files</Filter>
    </ClCompile>
    <ClCompile Include="src\commands\CheckMessagesCommand.cpp">
      <Filter>Source Files</Filter>
    </ClCompile>
    <ClCompile Include="src\commands\AddMoneyCommand.cpp">
      <Filter>Source Files</Filter>
    </ClCompile>
    <ClCompile Include="src\commands\CancelOrderCommand.cpp">
      <Filter>Source Files</Filter>
    </ClCompile>
    <ClCompile Include="src\commands\PayCommand.cpp">
      <Filter>Source Files</Filter>
    </ClCompile>
    <ClCompile Include="src\commands\RateCommand.cpp">
      <Filter>Source Files</Filter>
    </ClCompile>
    <ClCompile Include="src\commands\AcceptOrderCommand.cpp">
      <Filter>Source Files</Filter>
    </ClCompile>
    <ClCompile Include="src\commands\DeclineOrderCommand.cpp">
      <Filter>Source Files</Filter>
    </ClCompile>
    <ClCompile Include="src\commands\FinishOrderCommand.cpp">
      <Filter>Source Files</Filter>
    </ClCompile>
    <ClCompile Include="src\commands\AcceptPaymentCommand.cpp">
      <Filter>Source Files</Filter>
    </ClCompile>
    <ClCompile Include="src\commands\ChangeAddressCommand.cpp">
      <Filter>Source Files</Filter>
    </ClCompile>
    <ClCompile Include="src\app\Theme.cpp">
      <Filter>Source Files</Filter>
    </ClCompile>
    <ClCompile Include="src\helper\Console.cpp">
      <Filter>Source Files</Filter>
    </ClCompile>
    <ClCompile Include="src\services\UIManager.cpp">
      <Filter>Source Files</Filter>
    </ClCompile>
    <ClCompile Include="src\services\MenuManager.cpp">
      <Filter>Source Files</Filter>
    </ClCompile>
  </ItemGroup>
  <ItemGroup>
    <ClInclude Include="include\services\UserManager.h">
      <Filter>Header Files</Filter>
    </ClInclude>
    <ClInclude Include="include\models\identity\User.h">
      <Filter>Header Files</Filter>
    </ClInclude>
    <ClInclude Include="include\helper\String.h">
      <Filter>Header Files</Filter>
    </ClInclude>
    <ClInclude Include="include\helper\IdFactory.h">
      <Filter>Header Files</Filter>
    </ClInclude>
    <ClInclude Include="include\helper\Random.h">
      <Filter>Header Files</Filter>
    </ClInclude>
    <ClInclude Include="include\services\Parser.h">
      <Filter>Header Files</Filter>
    </ClInclude>
    <ClInclude Include="include\helper\interfaces\IFileOperatable.h">
      <Filter>Header Files</Filter>
    </ClInclude>
    <ClInclude Include="include\models\identity\Client.h">
      <Filter>Header Files</Filter>
    </ClInclude>
    <ClInclude Include="include\helper\List.hpp">
      <Filter>Header Files</Filter>
    </ClInclude>
    <ClInclude Include="include\models\identity\UserType.h">
      <Filter>Header Files</Filter>
    </ClInclude>
    <ClInclude Include="include\helper\Sha256.h">
      <Filter>Header Files</Filter>
    </ClInclude>
    <ClInclude Include="include\helper\Optional.hpp">
      <Filter>Header Files</Filter>
    </ClInclude>
    <ClInclude Include="include\services\Validator.h">
      <Filter>Header Files</Filter>
    </ClInclude>
    <ClInclude Include="include\models\Order.h">
      <Filter>Header Files</Filter>
    </ClInclude>
    <ClInclude Include="include\models\Address.h">
      <Filter>Header Files</Filter>
    </ClInclude>
    <ClInclude Include="include\helper\Point.h">
      <Filter>Header Files</Filter>
    </ClInclude>
    <ClInclude Include="include\services\OrderManager.h">
      <Filter>Header Files</Filter>
    </ClInclude>
    <ClInclude Include="include\models\dto\OrderMessageDto.h">
      <Filter>Header Files</Filter>
    </ClInclude>
    <ClInclude Include="include\models\dto\CheckOrderDto.h">
      <Filter>Header Files</Filter>
    </ClInclude>
    <ClInclude Include="include\app\UberApp.h">
      <Filter>Header Files</Filter>
    </ClInclude>
    <ClInclude Include="include\commands\LoginCommand.h">
      <Filter>Header Files</Filter>
    </ClInclude>
    <ClInclude Include="include\commands\CommandBase.h">
      <Filter>Header Files</Filter>
    </ClInclude>
    <ClInclude Include="include\services\CommandFactory.h">
      <Filter>Header Files</Filter>
    </ClInclude>
    <ClInclude Include="include\commands\RegisterCommand.h">
      <Filter>Header Files</Filter>
    </ClInclude>
    <ClInclude Include="include\commands\LogoutCommand.h">
      <Filter>Header Files</Filter>
    </ClInclude>
    <ClInclude Include="include\commands\OrderCommand.h">
      <Filter>Header Files</Filter>
    </ClInclude>
    <ClInclude Include="include\commands\CheckOrderCommand.h">
      <Filter>Header Files</Filter>
    </ClInclude>
    <ClInclude Include="include\commands\CheckMessagesCommand.h">
      <Filter>Header Files</Filter>
    </ClInclude>
    <ClInclude Include="include\commands\AddMoneyCommand.h">
      <Filter>Header Files</Filter>
    </ClInclude>
    <ClInclude Include="include\commands\CancelOrderCommand.h">
      <Filter>Header Files</Filter>
    </ClInclude>
    <ClInclude Include="include\commands\PayCommand.h">
      <Filter>Header Files</Filter>
    </ClInclude>
    <ClInclude Include="include\commands\RateCommand.h">
      <Filter>Header Files</Filter>
    </ClInclude>
    <ClInclude Include="include\commands\AcceptOrderCommand.h">
      <Filter>Header Files</Filter>
    </ClInclude>
    <ClInclude Include="include\commands\DeclineOrderCommand.h">
      <Filter>Header Files</Filter>
    </ClInclude>
    <ClInclude Include="include\commands\FinishOrderCommand.h">
      <Filter>Header Files</Filter>
    </ClInclude>
    <ClInclude Include="include\commands\AcceptPaymentCommand.h">
      <Filter>Header Files</Filter>
    </ClInclude>
    <ClInclude Include="include\commands\ChangeAddressCommand.h">
      <Filter>Header Files</Filter>
    </ClInclude>
    <ClInclude Include="include\ui\Landings.h">
      <Filter>Header Files</Filter>
    </ClInclude>
    <ClInclude Include="include\ui\Logo.h">
      <Filter>Header Files</Filter>
    </ClInclude>
    <ClInclude Include="include\ui\Messages.h">
      <Filter>Header Files</Filter>
    </ClInclude>
    <ClInclude Include="include\ui\Pages.h">
      <Filter>Header Files</Filter>
    </ClInclude>
    <ClInclude Include="include\services\UIManager.h">
      <Filter>Header Files</Filter>
    </ClInclude>
    <ClInclude Include="include\app\Theme.h">
      <Filter>Header Files</Filter>
    </ClInclude>
    <ClInclude Include="include\app\ThemeOption.h">
      <Filter>Header Files</Filter>
    </ClInclude>
    <ClInclude Include="include\helper\Console.h">
      <Filter>Header Files</Filter>
    </ClInclude>
    <ClInclude Include="include\services\MenuManager.h">
      <Filter>Header Files</Filter>
    </ClInclude>
  </ItemGroup>
</Project>